// !$*UTF8*$!
{
	archiveVersion = 1;
	classes = {
	};
	objectVersion = 55;
	objects = {

/* Begin PBXBuildFile section */
		1C0D2762288374D4000D1591 /* Launch Screen.storyboard in Resources */ = {isa = PBXBuildFile; fileRef = 1C0D2761288374D4000D1591 /* Launch Screen.storyboard */; };
		1C0D2764288377A8000D1591 /* EmptyView.swift in Sources */ = {isa = PBXBuildFile; fileRef = 1C0D2763288377A8000D1591 /* EmptyView.swift */; };
		1C492F102883C06300EF758F /* AboutView.swift in Sources */ = {isa = PBXBuildFile; fileRef = 1C492F0F2883C06300EF758F /* AboutView.swift */; };
		1C492F122883C0A000EF758F /* LinkView.swift in Sources */ = {isa = PBXBuildFile; fileRef = 1C492F112883C0A000EF758F /* LinkView.swift */; };
		1C492F162883C20D00EF758F /* SettingsView.swift in Sources */ = {isa = PBXBuildFile; fileRef = 1C492F152883C20D00EF758F /* SettingsView.swift */; };
		1C492F192883C54700EF758F /* ThemeModel.swift in Sources */ = {isa = PBXBuildFile; fileRef = 1C492F182883C54700EF758F /* ThemeModel.swift */; };
		1C492F1B2883C5E300EF758F /* ThemeData.swift in Sources */ = {isa = PBXBuildFile; fileRef = 1C492F1A2883C5E300EF758F /* ThemeData.swift */; };
		1C492F1D2883C61900EF758F /* ThemeSettings.swift in Sources */ = {isa = PBXBuildFile; fileRef = 1C492F1C2883C61900EF758F /* ThemeSettings.swift */; };
		1CC141392882F72700009BFF /* LitodoApp.swift in Sources */ = {isa = PBXBuildFile; fileRef = 1CC141382882F72700009BFF /* LitodoApp.swift */; };
		1CC1413B2882F72700009BFF /* ContentView.swift in Sources */ = {isa = PBXBuildFile; fileRef = 1CC1413A2882F72700009BFF /* ContentView.swift */; };
		1CC1413D2882F72A00009BFF /* Assets.xcassets in Resources */ = {isa = PBXBuildFile; fileRef = 1CC1413C2882F72A00009BFF /* Assets.xcassets */; };
		1CC141402882F72A00009BFF /* Preview Assets.xcassets in Resources */ = {isa = PBXBuildFile; fileRef = 1CC1413F2882F72A00009BFF /* Preview Assets.xcassets */; };
		1CC141422882F72A00009BFF /* Persistence.swift in Sources */ = {isa = PBXBuildFile; fileRef = 1CC141412882F72A00009BFF /* Persistence.swift */; };
		1CC141452882F72A00009BFF /* Litodo.xcdatamodeld in Sources */ = {isa = PBXBuildFile; fileRef = 1CC141432882F72A00009BFF /* Litodo.xcdatamodeld */; };
		1CC1414D2882F7DB00009BFF /* AddToDoView.swift in Sources */ = {isa = PBXBuildFile; fileRef = 1CC1414C2882F7DB00009BFF /* AddToDoView.swift */; };
/* End PBXBuildFile section */

/* Begin PBXFileReference section */
		1C0D2761288374D4000D1591 /* Launch Screen.storyboard */ = {isa = PBXFileReference; lastKnownFileType = file.storyboard; path = "Launch Screen.storyboard"; sourceTree = "<group>"; };
		1C0D2763288377A8000D1591 /* EmptyView.swift */ = {isa = PBXFileReference; lastKnownFileType = sourcecode.swift; path = EmptyView.swift; sourceTree = "<group>"; };
		1C492F0F2883C06300EF758F /* AboutView.swift */ = {isa = PBXFileReference; lastKnownFileType = sourcecode.swift; path = AboutView.swift; sourceTree = "<group>"; };
		1C492F112883C0A000EF758F /* LinkView.swift */ = {isa = PBXFileReference; lastKnownFileType = sourcecode.swift; path = LinkView.swift; sourceTree = "<group>"; };
		1C492F152883C20D00EF758F /* SettingsView.swift */ = {isa = PBXFileReference; lastKnownFileType = sourcecode.swift; path = SettingsView.swift; sourceTree = "<group>"; };
		1C492F182883C54700EF758F /* ThemeModel.swift */ = {isa = PBXFileReference; lastKnownFileType = sourcecode.swift; path = ThemeModel.swift; sourceTree = "<group>"; };
		1C492F1A2883C5E300EF758F /* ThemeData.swift */ = {isa = PBXFileReference; lastKnownFileType = sourcecode.swift; path = ThemeData.swift; sourceTree = "<group>"; };
		1C492F1C2883C61900EF758F /* ThemeSettings.swift */ = {isa = PBXFileReference; lastKnownFileType = sourcecode.swift; path = ThemeSettings.swift; sourceTree = "<group>"; };
		1CC141352882F72700009BFF /* Litodo.app */ = {isa = PBXFileReference; explicitFileType = wrapper.application; includeInIndex = 0; path = Litodo.app; sourceTree = BUILT_PRODUCTS_DIR; };
		1CC141382882F72700009BFF /* LitodoApp.swift */ = {isa = PBXFileReference; lastKnownFileType = sourcecode.swift; path = LitodoApp.swift; sourceTree = "<group>"; };
		1CC1413A2882F72700009BFF /* ContentView.swift */ = {isa = PBXFileReference; lastKnownFileType = sourcecode.swift; path = ContentView.swift; sourceTree = "<group>"; };
		1CC1413C2882F72A00009BFF /* Assets.xcassets */ = {isa = PBXFileReference; lastKnownFileType = folder.assetcatalog; path = Assets.xcassets; sourceTree = "<group>"; };
		1CC1413F2882F72A00009BFF /* Preview Assets.xcassets */ = {isa = PBXFileReference; lastKnownFileType = folder.assetcatalog; path = "Preview Assets.xcassets"; sourceTree = "<group>"; };
		1CC141412882F72A00009BFF /* Persistence.swift */ = {isa = PBXFileReference; lastKnownFileType = sourcecode.swift; path = Persistence.swift; sourceTree = "<group>"; };
		1CC141442882F72A00009BFF /* Litodo.xcdatamodel */ = {isa = PBXFileReference; lastKnownFileType = wrapper.xcdatamodel; path = Litodo.xcdatamodel; sourceTree = "<group>"; };
		1CC1414C2882F7DB00009BFF /* AddToDoView.swift */ = {isa = PBXFileReference; lastKnownFileType = sourcecode.swift; path = AddToDoView.swift; sourceTree = "<group>"; };
/* End PBXFileReference section */

/* Begin PBXFrameworksBuildPhase section */
		1CC141322882F72700009BFF /* Frameworks */ = {
			isa = PBXFrameworksBuildPhase;
			buildActionMask = 2147483647;
			files = (
			);
			runOnlyForDeploymentPostprocessing = 0;
		};
/* End PBXFrameworksBuildPhase section */

/* Begin PBXGroup section */
		1C492F172883C53000EF758F /* Theme */ = {
			isa = PBXGroup;
			children = (
				1C492F182883C54700EF758F /* ThemeModel.swift */,
				1C492F1A2883C5E300EF758F /* ThemeData.swift */,
				1C492F1C2883C61900EF758F /* ThemeSettings.swift */,
			);
			path = Theme;
			sourceTree = "<group>";
		};
		1CC1412C2882F72700009BFF = {
			isa = PBXGroup;
			children = (
				1CC141372882F72700009BFF /* Litodo */,
				1CC141362882F72700009BFF /* Products */,
			);
			sourceTree = "<group>";
		};
		1CC141362882F72700009BFF /* Products */ = {
			isa = PBXGroup;
			children = (
				1CC141352882F72700009BFF /* Litodo.app */,
			);
			name = Products;
			sourceTree = "<group>";
		};
		1CC141372882F72700009BFF /* Litodo */ = {
			isa = PBXGroup;
			children = (
				1CC141382882F72700009BFF /* LitodoApp.swift */,
				1C492F172883C53000EF758F /* Theme */,
				1CC1414B2882F76100009BFF /* Views */,
				1CC1413C2882F72A00009BFF /* Assets.xcassets */,
				1CC141412882F72A00009BFF /* Persistence.swift */,
				1CC141432882F72A00009BFF /* Litodo.xcdatamodeld */,
				1C0D2761288374D4000D1591 /* Launch Screen.storyboard */,
				1CC1413E2882F72A00009BFF /* Preview Content */,
			);
			path = Litodo;
			sourceTree = "<group>";
		};
		1CC1413E2882F72A00009BFF /* Preview Content */ = {
			isa = PBXGroup;
			children = (
				1CC1413F2882F72A00009BFF /* Preview Assets.xcassets */,
			);
			path = "Preview Content";
			sourceTree = "<group>";
		};
		1CC1414B2882F76100009BFF /* Views */ = {
			isa = PBXGroup;
			children = (
				1CC1413A2882F72700009BFF /* ContentView.swift */,
				1CC1414C2882F7DB00009BFF /* AddToDoView.swift */,
				1C0D2763288377A8000D1591 /* EmptyView.swift */,
				1C492F0F2883C06300EF758F /* AboutView.swift */,
				1C492F112883C0A000EF758F /* LinkView.swift */,
				1C492F152883C20D00EF758F /* SettingsView.swift */,
			);
			path = Views;
			sourceTree = "<group>";
		};
/* End PBXGroup section */

/* Begin PBXNativeTarget section */
		1CC141342882F72700009BFF /* Litodo */ = {
			isa = PBXNativeTarget;
			buildConfigurationList = 1CC141482882F72A00009BFF /* Build configuration list for PBXNativeTarget "Litodo" */;
			buildPhases = (
				1CC141312882F72700009BFF /* Sources */,
				1CC141322882F72700009BFF /* Frameworks */,
				1CC141332882F72700009BFF /* Resources */,
			);
			buildRules = (
			);
			dependencies = (
			);
			name = Litodo;
			productName = Litodo;
			productReference = 1CC141352882F72700009BFF /* Litodo.app */;
			productType = "com.apple.product-type.application";
		};
/* End PBXNativeTarget section */

/* Begin PBXProject section */
		1CC1412D2882F72700009BFF /* Project object */ = {
			isa = PBXProject;
			attributes = {
				BuildIndependentTargetsInParallel = 1;
				LastSwiftUpdateCheck = 1340;
				LastUpgradeCheck = 1340;
				TargetAttributes = {
					1CC141342882F72700009BFF = {
						CreatedOnToolsVersion = 13.4.1;
					};
				};
			};
			buildConfigurationList = 1CC141302882F72700009BFF /* Build configuration list for PBXProject "Litodo" */;
			compatibilityVersion = "Xcode 13.0";
			developmentRegion = en;
			hasScannedForEncodings = 0;
			knownRegions = (
				en,
				Base,
			);
			mainGroup = 1CC1412C2882F72700009BFF;
			productRefGroup = 1CC141362882F72700009BFF /* Products */;
			projectDirPath = "";
			projectRoot = "";
			targets = (
				1CC141342882F72700009BFF /* Litodo */,
			);
		};
/* End PBXProject section */

/* Begin PBXResourcesBuildPhase section */
		1CC141332882F72700009BFF /* Resources */ = {
			isa = PBXResourcesBuildPhase;
			buildActionMask = 2147483647;
			files = (
				1C0D2762288374D4000D1591 /* Launch Screen.storyboard in Resources */,
				1CC141402882F72A00009BFF /* Preview Assets.xcassets in Resources */,
				1CC1413D2882F72A00009BFF /* Assets.xcassets in Resources */,
			);
			runOnlyForDeploymentPostprocessing = 0;
		};
/* End PBXResourcesBuildPhase section */

/* Begin PBXSourcesBuildPhase section */
		1CC141312882F72700009BFF /* Sources */ = {
			isa = PBXSourcesBuildPhase;
			buildActionMask = 2147483647;
			files = (
				1CC141422882F72A00009BFF /* Persistence.swift in Sources */,
				1C492F102883C06300EF758F /* AboutView.swift in Sources */,
				1C492F122883C0A000EF758F /* LinkView.swift in Sources */,
				1C492F1B2883C5E300EF758F /* ThemeData.swift in Sources */,
				1C492F162883C20D00EF758F /* SettingsView.swift in Sources */,
				1CC1414D2882F7DB00009BFF /* AddToDoView.swift in Sources */,
				1C492F1D2883C61900EF758F /* ThemeSettings.swift in Sources */,
				1CC1413B2882F72700009BFF /* ContentView.swift in Sources */,
				1CC141452882F72A00009BFF /* Litodo.xcdatamodeld in Sources */,
				1C492F192883C54700EF758F /* ThemeModel.swift in Sources */,
				1C0D2764288377A8000D1591 /* EmptyView.swift in Sources */,
				1CC141392882F72700009BFF /* LitodoApp.swift in Sources */,
			);
			runOnlyForDeploymentPostprocessing = 0;
		};
/* End PBXSourcesBuildPhase section */

/* Begin XCBuildConfiguration section */
		1CC141462882F72A00009BFF /* Debug */ = {
			isa = XCBuildConfiguration;
			buildSettings = {
				ALWAYS_SEARCH_USER_PATHS = NO;
				CLANG_ANALYZER_NONNULL = YES;
				CLANG_ANALYZER_NUMBER_OBJECT_CONVERSION = YES_AGGRESSIVE;
				CLANG_CXX_LANGUAGE_STANDARD = "gnu++17";
				CLANG_ENABLE_MODULES = YES;
				CLANG_ENABLE_OBJC_ARC = YES;
				CLANG_ENABLE_OBJC_WEAK = YES;
				CLANG_WARN_BLOCK_CAPTURE_AUTORELEASING = YES;
				CLANG_WARN_BOOL_CONVERSION = YES;
				CLANG_WARN_COMMA = YES;
				CLANG_WARN_CONSTANT_CONVERSION = YES;
				CLANG_WARN_DEPRECATED_OBJC_IMPLEMENTATIONS = YES;
				CLANG_WARN_DIRECT_OBJC_ISA_USAGE = YES_ERROR;
				CLANG_WARN_DOCUMENTATION_COMMENTS = YES;
				CLANG_WARN_EMPTY_BODY = YES;
				CLANG_WARN_ENUM_CONVERSION = YES;
				CLANG_WARN_INFINITE_RECURSION = YES;
				CLANG_WARN_INT_CONVERSION = YES;
				CLANG_WARN_NON_LITERAL_NULL_CONVERSION = YES;
				CLANG_WARN_OBJC_IMPLICIT_RETAIN_SELF = YES;
				CLANG_WARN_OBJC_LITERAL_CONVERSION = YES;
				CLANG_WARN_OBJC_ROOT_CLASS = YES_ERROR;
				CLANG_WARN_QUOTED_INCLUDE_IN_FRAMEWORK_HEADER = YES;
				CLANG_WARN_RANGE_LOOP_ANALYSIS = YES;
				CLANG_WARN_STRICT_PROTOTYPES = YES;
				CLANG_WARN_SUSPICIOUS_MOVE = YES;
				CLANG_WARN_UNGUARDED_AVAILABILITY = YES_AGGRESSIVE;
				CLANG_WARN_UNREACHABLE_CODE = YES;
				CLANG_WARN__DUPLICATE_METHOD_MATCH = YES;
				COPY_PHASE_STRIP = NO;
				DEBUG_INFORMATION_FORMAT = dwarf;
				ENABLE_STRICT_OBJC_MSGSEND = YES;
				ENABLE_TESTABILITY = YES;
				GCC_C_LANGUAGE_STANDARD = gnu11;
				GCC_DYNAMIC_NO_PIC = NO;
				GCC_NO_COMMON_BLOCKS = YES;
				GCC_OPTIMIZATION_LEVEL = 0;
				GCC_PREPROCESSOR_DEFINITIONS = (
					"DEBUG=1",
					"$(inherited)",
				);
				GCC_WARN_64_TO_32_BIT_CONVERSION = YES;
				GCC_WARN_ABOUT_RETURN_TYPE = YES_ERROR;
				GCC_WARN_UNDECLARED_SELECTOR = YES;
				GCC_WARN_UNINITIALIZED_AUTOS = YES_AGGRESSIVE;
				GCC_WARN_UNUSED_FUNCTION = YES;
				GCC_WARN_UNUSED_VARIABLE = YES;
				IPHONEOS_DEPLOYMENT_TARGET = 15.5;
				MTL_ENABLE_DEBUG_INFO = INCLUDE_SOURCE;
				MTL_FAST_MATH = YES;
				ONLY_ACTIVE_ARCH = YES;
				SDKROOT = iphoneos;
				SWIFT_ACTIVE_COMPILATION_CONDITIONS = DEBUG;
				SWIFT_OPTIMIZATION_LEVEL = "-Onone";
			};
			name = Debug;
		};
		1CC141472882F72A00009BFF /* Release */ = {
			isa = XCBuildConfiguration;
			buildSettings = {
				ALWAYS_SEARCH_USER_PATHS = NO;
				CLANG_ANALYZER_NONNULL = YES;
				CLANG_ANALYZER_NUMBER_OBJECT_CONVERSION = YES_AGGRESSIVE;
				CLANG_CXX_LANGUAGE_STANDARD = "gnu++17";
				CLANG_ENABLE_MODULES = YES;
				CLANG_ENABLE_OBJC_ARC = YES;
				CLANG_ENABLE_OBJC_WEAK = YES;
				CLANG_WARN_BLOCK_CAPTURE_AUTORELEASING = YES;
				CLANG_WARN_BOOL_CONVERSION = YES;
				CLANG_WARN_COMMA = YES;
				CLANG_WARN_CONSTANT_CONVERSION = YES;
				CLANG_WARN_DEPRECATED_OBJC_IMPLEMENTATIONS = YES;
				CLANG_WARN_DIRECT_OBJC_ISA_USAGE = YES_ERROR;
				CLANG_WARN_DOCUMENTATION_COMMENTS = YES;
				CLANG_WARN_EMPTY_BODY = YES;
				CLANG_WARN_ENUM_CONVERSION = YES;
				CLANG_WARN_INFINITE_RECURSION = YES;
				CLANG_WARN_INT_CONVERSION = YES;
				CLANG_WARN_NON_LITERAL_NULL_CONVERSION = YES;
				CLANG_WARN_OBJC_IMPLICIT_RETAIN_SELF = YES;
				CLANG_WARN_OBJC_LITERAL_CONVERSION = YES;
				CLANG_WARN_OBJC_ROOT_CLASS = YES_ERROR;
				CLANG_WARN_QUOTED_INCLUDE_IN_FRAMEWORK_HEADER = YES;
				CLANG_WARN_RANGE_LOOP_ANALYSIS = YES;
				CLANG_WARN_STRICT_PROTOTYPES = YES;
				CLANG_WARN_SUSPICIOUS_MOVE = YES;
				CLANG_WARN_UNGUARDED_AVAILABILITY = YES_AGGRESSIVE;
				CLANG_WARN_UNREACHABLE_CODE = YES;
				CLANG_WARN__DUPLICATE_METHOD_MATCH = YES;
				COPY_PHASE_STRIP = NO;
				DEBUG_INFORMATION_FORMAT = "dwarf-with-dsym";
				ENABLE_NS_ASSERTIONS = NO;
				ENABLE_STRICT_OBJC_MSGSEND = YES;
				GCC_C_LANGUAGE_STANDARD = gnu11;
				GCC_NO_COMMON_BLOCKS = YES;
				GCC_WARN_64_TO_32_BIT_CONVERSION = YES;
				GCC_WARN_ABOUT_RETURN_TYPE = YES_ERROR;
				GCC_WARN_UNDECLARED_SELECTOR = YES;
				GCC_WARN_UNINITIALIZED_AUTOS = YES_AGGRESSIVE;
				GCC_WARN_UNUSED_FUNCTION = YES;
				GCC_WARN_UNUSED_VARIABLE = YES;
				IPHONEOS_DEPLOYMENT_TARGET = 15.5;
				MTL_ENABLE_DEBUG_INFO = NO;
				MTL_FAST_MATH = YES;
				SDKROOT = iphoneos;
				SWIFT_COMPILATION_MODE = wholemodule;
				SWIFT_OPTIMIZATION_LEVEL = "-O";
				VALIDATE_PRODUCT = YES;
			};
			name = Release;
		};
		1CC141492882F72A00009BFF /* Debug */ = {
			isa = XCBuildConfiguration;
			buildSettings = {
				ASSETCATALOG_COMPILER_APPICON_NAME = AppIcon;
				ASSETCATALOG_COMPILER_GLOBAL_ACCENT_COLOR_NAME = AccentColor;
				CODE_SIGN_STYLE = Automatic;
				CURRENT_PROJECT_VERSION = 1;
				DEVELOPMENT_ASSET_PATHS = "\"Litodo/Preview Content\"";
				DEVELOPMENT_TEAM = 6BBBBNW53W;
				ENABLE_PREVIEWS = YES;
				GENERATE_INFOPLIST_FILE = YES;
				INFOPLIST_KEY_UIApplicationSceneManifest_Generation = YES;
				INFOPLIST_KEY_UIApplicationSupportsIndirectInputEvents = YES;
				INFOPLIST_KEY_UILaunchScreen_Generation = YES;
				INFOPLIST_KEY_UILaunchStoryboardName = "Launch Screen";
				INFOPLIST_KEY_UISupportedInterfaceOrientations_iPad = "UIInterfaceOrientationPortrait UIInterfaceOrientationPortraitUpsideDown UIInterfaceOrientationLandscapeLeft UIInterfaceOrientationLandscapeRight";
				INFOPLIST_KEY_UISupportedInterfaceOrientations_iPhone = "UIInterfaceOrientationPortrait UIInterfaceOrientationLandscapeLeft UIInterfaceOrientationLandscapeRight";
				LD_RUNPATH_SEARCH_PATHS = (
					"$(inherited)",
					"@executable_path/Frameworks",
				);
				MARKETING_VERSION = 1.0;
				PRODUCT_BUNDLE_IDENTIFIER = app.gowthaman.Litodo;
				PRODUCT_NAME = "$(TARGET_NAME)";
				SWIFT_EMIT_LOC_STRINGS = YES;
				SWIFT_VERSION = 5.0;
				TARGETED_DEVICE_FAMILY = "1,2";
			};
			name = Debug;
		};
		1CC1414A2882F72A00009BFF /* Release */ = {
			isa = XCBuildConfiguration;
			buildSettings = {
				ASSETCATALOG_COMPILER_APPICON_NAME = AppIcon;
				ASSETCATALOG_COMPILER_GLOBAL_ACCENT_COLOR_NAME = AccentColor;
				CODE_SIGN_STYLE = Automatic;
				CURRENT_PROJECT_VERSION = 1;
				DEVELOPMENT_ASSET_PATHS = "\"Litodo/Preview Content\"";
				DEVELOPMENT_TEAM = 6BBBBNW53W;
				ENABLE_PREVIEWS = YES;
				GENERATE_INFOPLIST_FILE = YES;
				INFOPLIST_KEY_UIApplicationSceneManifest_Generation = YES;
				INFOPLIST_KEY_UIApplicationSupportsIndirectInputEvents = YES;
				INFOPLIST_KEY_UILaunchScreen_Generation = YES;
				INFOPLIST_KEY_UILaunchStoryboardName = "Launch Screen";
				INFOPLIST_KEY_UISupportedInterfaceOrientations_iPad = "UIInterfaceOrientationPortrait UIInterfaceOrientationPortraitUpsideDown UIInterfaceOrientationLandscapeLeft UIInterfaceOrientationLandscapeRight";
				INFOPLIST_KEY_UISupportedInterfaceOrientations_iPhone = "UIInterfaceOrientationPortrait UIInterfaceOrientationLandscapeLeft UIInterfaceOrientationLandscapeRight";
				LD_RUNPATH_SEARCH_PATHS = (
					"$(inherited)",
					"@executable_path/Frameworks",
				);
				MARKETING_VERSION = 1.0;
				PRODUCT_BUNDLE_IDENTIFIER = app.gowthaman.Litodo;
				PRODUCT_NAME = "$(TARGET_NAME)";
				SWIFT_EMIT_LOC_STRINGS = YES;
				SWIFT_VERSION = 5.0;
				TARGETED_DEVICE_FAMILY = "1,2";
			};
			name = Release;
		};
/* End XCBuildConfiguration section */

/* Begin XCConfigurationList section */
		1CC141302882F72700009BFF /* Build configuration list for PBXProject "Litodo" */ = {
			isa = XCConfigurationList;
			buildConfigurations = (
				1CC141462882F72A00009BFF /* Debug */,
				1CC141472882F72A00009BFF /* Release */,
			);
			defaultConfigurationIsVisible = 0;
			defaultConfigurationName = Release;
		};
		1CC141482882F72A00009BFF /* Build configuration list for PBXNativeTarget "Litodo" */ = {
			isa = XCConfigurationList;
			buildConfigurations = (
				1CC141492882F72A00009BFF /* Debug */,
				1CC1414A2882F72A00009BFF /* Release */,
			);
			defaultConfigurationIsVisible = 0;
			defaultConfigurationName = Release;
		};
/* End XCConfigurationList section */

/* Begin XCVersionGroup section */
		1CC141432882F72A00009BFF /* Litodo.xcdatamodeld */ = {
			isa = XCVersionGroup;
			children = (
				1CC141442882F72A00009BFF /* Litodo.xcdatamodel */,
			);
			currentVersion = 1CC141442882F72A00009BFF /* Litodo.xcdatamodel */;
			path = Litodo.xcdatamodeld;
			sourceTree = "<group>";
			versionGroupType = wrapper.xcdatamodel;
		};
/* End XCVersionGroup section */
	};
	rootObject = 1CC1412D2882F72700009BFF /* Project object */;
}
